
Microsoft Visual Studio Solution File, Format Version 12.00
# Visual Studio Version 16
VisualStudioVersion = 16.0.30523.141
MinimumVisualStudioVersion = 10.0.40219.1
Project("{FAE04EC0-301F-11D3-BF4B-00C04F79EFBC}") = "Supply Admin", "Supply Admin\Supply Admin.csproj", "{E567160E-B1D6-4739-9786-B14E2ED3940F}"
EndProject
Project("{FAE04EC0-301F-11D3-BF4B-00C04F79EFBC}") = "Supply", "Supply\Supply.csproj", "{D431B2F5-BFAA-41CF-AE5E-347428D98CD8}"
EndProject
Project("{FAE04EC0-301F-11D3-BF4B-00C04F79EFBC}") = "SupplyLibraries", "SupplyLibraries\SupplyLibraries.csproj", "{C47EC74E-65E1-4130-942C-BBB140E368BC}"
EndProject
Global
	GlobalSection(SolutionConfigurationPlatforms) = preSolution
		Debug|Any CPU = Debug|Any CPU
		Release|Any CPU = Release|Any CPU
	EndGlobalSection
	GlobalSection(ProjectConfigurationPlatforms) = postSolution
		{E567160E-B1D6-4739-9786-B14E2ED3940F}.Debug|Any CPU.ActiveCfg = Debug|Any CPU
		{E567160E-B1D6-4739-9786-B14E2ED3940F}.Debug|Any CPU.Build.0 = Debug|Any CPU
		{E567160E-B1D6-4739-9786-B14E2ED3940F}.Release|Any CPU.ActiveCfg = Release|Any CPU
		{E567160E-B1D6-4739-9786-B14E2ED3940F}.Release|Any CPU.Build.0 = Release|Any CPU
		{D431B2F5-BFAA-41CF-AE5E-347428D98CD8}.Debug|Any CPU.ActiveCfg = Debug|Any CPU
		{D431B2F5-BFAA-41CF-AE5E-347428D98CD8}.Debug|Any CPU.Build.0 = Debug|Any CPU
		{D431B2F5-BFAA-41CF-AE5E-347428D98CD8}.Release|Any CPU.ActiveCfg = Release|Any CPU
		{D431B2F5-BFAA-41CF-AE5E-347428D98CD8}.Release|Any CPU.Build.0 = Release|Any CPU
		{C47EC74E-65E1-4130-942C-BBB140E368BC}.Debug|Any CPU.ActiveCfg = Debug|Any CPU
		{C47EC74E-65E1-4130-942C-BBB140E368BC}.Debug|Any CPU.Build.0 = Debug|Any CPU
		{C47EC74E-65E1-4130-942C-BBB140E368BC}.Release|Any CPU.ActiveCfg = Release|Any CPU
		{C47EC74E-65E1-4130-942C-BBB140E368BC}.Release|Any CPU.Build.0 = Release|Any CPU
	EndGlobalSection
	GlobalSection(SolutionProperties) = preSolution
		HideSolutionNode = FALSE
	EndGlobalSection
	GlobalSection(ExtensibilityGlobals) = postSolution
		SolutionGuid = {C985CB35-A0FA-45AD-90B2-67BCF319F39F}
	EndGlobalSection
EndGlobal
